// !$*UTF8*$!
{
	archiveVersion = 1;
	classes = {
	};
	objectVersion = 46;
	objects = {

/* Begin PBXBuildFile section */
		4449E5811A4004F30019BD92 /* ModalMoveTransitionAnimation.m in Sources */ = {isa = PBXBuildFile; fileRef = 4449E5801A4004F30019BD92 /* ModalMoveTransitionAnimation.m */; };
		44B534651A3D6C060044F787 /* main.m in Sources */ = {isa = PBXBuildFile; fileRef = 44B534641A3D6C060044F787 /* main.m */; };
		44B534681A3D6C060044F787 /* AppDelegate.m in Sources */ = {isa = PBXBuildFile; fileRef = 44B534671A3D6C060044F787 /* AppDelegate.m */; };
		44B5346B1A3D6C060044F787 /* ViewController.m in Sources */ = {isa = PBXBuildFile; fileRef = 44B5346A1A3D6C060044F787 /* ViewController.m */; };
		44B5346E1A3D6C060044F787 /* Main.storyboard in Resources */ = {isa = PBXBuildFile; fileRef = 44B5346C1A3D6C060044F787 /* Main.storyboard */; };
		44B534701A3D6C060044F787 /* Images.xcassets in Resources */ = {isa = PBXBuildFile; fileRef = 44B5346F1A3D6C060044F787 /* Images.xcassets */; };
		44B534731A3D6C060044F787 /* LaunchScreen.xib in Resources */ = {isa = PBXBuildFile; fileRef = 44B534711A3D6C060044F787 /* LaunchScreen.xib */; };
		44B5347F1A3D6C060044F787 /* ViewControllerSwitchDemoTests.m in Sources */ = {isa = PBXBuildFile; fileRef = 44B5347E1A3D6C060044F787 /* ViewControllerSwitchDemoTests.m */; };
		44B539C21A3E75D80044F787 /* ModalViewController.m in Sources */ = {isa = PBXBuildFile; fileRef = 44B539C11A3E75D80044F787 /* ModalViewController.m */; };
		44B539C51A3E7D450044F787 /* ModalTransitionAnimation.m in Sources */ = {isa = PBXBuildFile; fileRef = 44B539C41A3E7D450044F787 /* ModalTransitionAnimation.m */; };
		44B539C81A3E872C0044F787 /* ModalInterActiveTransitionAnimation.m in Sources */ = {isa = PBXBuildFile; fileRef = 44B539C71A3E872C0044F787 /* ModalInterActiveTransitionAnimation.m */; };
		44B539CC1A3E9F990044F787 /* NavigationTransitionAnimation.m in Sources */ = {isa = PBXBuildFile; fileRef = 44B539CB1A3E9F990044F787 /* NavigationTransitionAnimation.m */; };
		44B539CF1A3EA4140044F787 /* NavigationControllerDelegate.m in Sources */ = {isa = PBXBuildFile; fileRef = 44B539CE1A3EA4140044F787 /* NavigationControllerDelegate.m */; };
		44B539D61A3EACE90044F787 /* TabbarTransitionAnimation.m in Sources */ = {isa = PBXBuildFile; fileRef = 44B539D51A3EACE90044F787 /* TabbarTransitionAnimation.m */; };
		44B539D91A3EAD3D0044F787 /* TabbarControllerDelegate.m in Sources */ = {isa = PBXBuildFile; fileRef = 44B539D81A3EAD3D0044F787 /* TabbarControllerDelegate.m */; };
/* End PBXBuildFile section */

/* Begin PBXContainerItemProxy section */
		44B534791A3D6C060044F787 /* PBXContainerItemProxy */ = {
			isa = PBXContainerItemProxy;
			containerPortal = 44B534571A3D6C060044F787 /* Project object */;
			proxyType = 1;
			remoteGlobalIDString = 44B5345E1A3D6C060044F787;
			remoteInfo = ViewControllerSwitchDemo;
		};
/* End PBXContainerItemProxy section */

/* Begin PBXFileReference section */
		4449E57F1A4004F30019BD92 /* ModalMoveTransitionAnimation.h */ = {isa = PBXFileReference; fileEncoding = 4; lastKnownFileType = sourcecode.c.h; path = ModalMoveTransitionAnimation.h; sourceTree = "<group>"; };
		4449E5801A4004F30019BD92 /* ModalMoveTransitionAnimation.m */ = {isa = PBXFileReference; fileEncoding = 4; lastKnownFileType = sourcecode.c.objc; path = ModalMoveTransitionAnimation.m; sourceTree = "<group>"; };
		44B5345F1A3D6C060044F787 /* ViewControllerSwitchDemo.app */ = {isa = PBXFileReference; explicitFileType = wrapper.application; includeInIndex = 0; path = ViewControllerSwitchDemo.app; sourceTree = BUILT_PRODUCTS_DIR; };
		44B534631A3D6C060044F787 /* Info.plist */ = {isa = PBXFileReference; lastKnownFileType = text.plist.xml; path = Info.plist; sourceTree = "<group>"; };
		44B534641A3D6C060044F787 /* main.m */ = {isa = PBXFileReference; lastKnownFileType = sourcecode.c.objc; path = main.m; sourceTree = "<group>"; };
		44B534661A3D6C060044F787 /* AppDelegate.h */ = {isa = PBXFileReference; lastKnownFileType = sourcecode.c.h; path = AppDelegate.h; sourceTree = "<group>"; };
		44B534671A3D6C060044F787 /* AppDelegate.m */ = {isa = PBXFileReference; lastKnownFileType = sourcecode.c.objc; path = AppDelegate.m; sourceTree = "<group>"; };
		44B534691A3D6C060044F787 /* ViewController.h */ = {isa = PBXFileReference; lastKnownFileType = sourcecode.c.h; path = ViewController.h; sourceTree = "<group>"; };
		44B5346A1A3D6C060044F787 /* ViewController.m */ = {isa = PBXFileReference; lastKnownFileType = sourcecode.c.objc; path = ViewController.m; sourceTree = "<group>"; };
		44B5346D1A3D6C060044F787 /* Base */ = {isa = PBXFileReference; lastKnownFileType = file.storyboard; name = Base; path = Base.lproj/Main.storyboard; sourceTree = "<group>"; };
		44B5346F1A3D6C060044F787 /* Images.xcassets */ = {isa = PBXFileReference; lastKnownFileType = folder.assetcatalog; path = Images.xcassets; sourceTree = "<group>"; };
		44B534721A3D6C060044F787 /* Base */ = {isa = PBXFileReference; lastKnownFileType = file.xib; name = Base; path = Base.lproj/LaunchScreen.xib; sourceTree = "<group>"; };
		44B534781A3D6C060044F787 /* ViewControllerSwitchDemoTests.xctest */ = {isa = PBXFileReference; explicitFileType = wrapper.cfbundle; includeInIndex = 0; path = ViewControllerSwitchDemoTests.xctest; sourceTree = BUILT_PRODUCTS_DIR; };
		44B5347D1A3D6C060044F787 /* Info.plist */ = {isa = PBXFileReference; lastKnownFileType = text.plist.xml; path = Info.plist; sourceTree = "<group>"; };
		44B5347E1A3D6C060044F787 /* ViewControllerSwitchDemoTests.m */ = {isa = PBXFileReference; lastKnownFileType = sourcecode.c.objc; path = ViewControllerSwitchDemoTests.m; sourceTree = "<group>"; };
		44B539C01A3E75D80044F787 /* ModalViewController.h */ = {isa = PBXFileReference; fileEncoding = 4; lastKnownFileType = sourcecode.c.h; path = ModalViewController.h; sourceTree = "<group>"; };
		44B539C11A3E75D80044F787 /* ModalViewController.m */ = {isa = PBXFileReference; fileEncoding = 4; lastKnownFileType = sourcecode.c.objc; path = ModalViewController.m; sourceTree = "<group>"; };
		44B539C31A3E7D450044F787 /* ModalTransitionAnimation.h */ = {isa = PBXFileReference; fileEncoding = 4; lastKnownFileType = sourcecode.c.h; path = ModalTransitionAnimation.h; sourceTree = "<group>"; };
		44B539C41A3E7D450044F787 /* ModalTransitionAnimation.m */ = {isa = PBXFileReference; fileEncoding = 4; lastKnownFileType = sourcecode.c.objc; path = ModalTransitionAnimation.m; sourceTree = "<group>"; };
		44B539C61A3E872C0044F787 /* ModalInterActiveTransitionAnimation.h */ = {isa = PBXFileReference; fileEncoding = 4; lastKnownFileType = sourcecode.c.h; path = ModalInterActiveTransitionAnimation.h; sourceTree = "<group>"; };
		44B539C71A3E872C0044F787 /* ModalInterActiveTransitionAnimation.m */ = {isa = PBXFileReference; fileEncoding = 4; lastKnownFileType = sourcecode.c.objc; path = ModalInterActiveTransitionAnimation.m; sourceTree = "<group>"; };
		44B539CA1A3E9F990044F787 /* NavigationTransitionAnimation.h */ = {isa = PBXFileReference; fileEncoding = 4; lastKnownFileType = sourcecode.c.h; path = NavigationTransitionAnimation.h; sourceTree = "<group>"; };
		44B539CB1A3E9F990044F787 /* NavigationTransitionAnimation.m */ = {isa = PBXFileReference; fileEncoding = 4; lastKnownFileType = sourcecode.c.objc; path = NavigationTransitionAnimation.m; sourceTree = "<group>"; };
		44B539CD1A3EA4140044F787 /* NavigationControllerDelegate.h */ = {isa = PBXFileReference; fileEncoding = 4; lastKnownFileType = sourcecode.c.h; path = NavigationControllerDelegate.h; sourceTree = "<group>"; };
		44B539CE1A3EA4140044F787 /* NavigationControllerDelegate.m */ = {isa = PBXFileReference; fileEncoding = 4; lastKnownFileType = sourcecode.c.objc; path = NavigationControllerDelegate.m; sourceTree = "<group>"; };
		44B539D41A3EACE90044F787 /* TabbarTransitionAnimation.h */ = {isa = PBXFileReference; fileEncoding = 4; lastKnownFileType = sourcecode.c.h; path = TabbarTransitionAnimation.h; sourceTree = "<group>"; };
		44B539D51A3EACE90044F787 /* TabbarTransitionAnimation.m */ = {isa = PBXFileReference; fileEncoding = 4; lastKnownFileType = sourcecode.c.objc; path = TabbarTransitionAnimation.m; sourceTree = "<group>"; };
		44B539D71A3EAD3D0044F787 /* TabbarControllerDelegate.h */ = {isa = PBXFileReference; fileEncoding = 4; lastKnownFileType = sourcecode.c.h; path = TabbarControllerDelegate.h; sourceTree = "<group>"; };
		44B539D81A3EAD3D0044F787 /* TabbarControllerDelegate.m */ = {isa = PBXFileReference; fileEncoding = 4; lastKnownFileType = sourcecode.c.objc; path = TabbarControllerDelegate.m; sourceTree = "<group>"; };
/* End PBXFileReference section */

/* Begin PBXFrameworksBuildPhase section */
		44B5345C1A3D6C060044F787 /* Frameworks */ = {
			isa = PBXFrameworksBuildPhase;
			buildActionMask = 2147483647;
			files = (
			);
			runOnlyForDeploymentPostprocessing = 0;
		};
		44B534751A3D6C060044F787 /* Frameworks */ = {
			isa = PBXFrameworksBuildPhase;
			buildActionMask = 2147483647;
			files = (
			);
			runOnlyForDeploymentPostprocessing = 0;
		};
/* End PBXFrameworksBuildPhase section */

/* Begin PBXGroup section */
		44B534561A3D6C060044F787 = {
			isa = PBXGroup;
			children = (
				44B534611A3D6C060044F787 /* ViewControllerSwitchDemo */,
				44B5347B1A3D6C060044F787 /* ViewControllerSwitchDemoTests */,
				44B534601A3D6C060044F787 /* Products */,
			);
			sourceTree = "<group>";
		};
		44B534601A3D6C060044F787 /* Products */ = {
			isa = PBXGroup;
			children = (
				44B5345F1A3D6C060044F787 /* ViewControllerSwitchDemo.app */,
				44B534781A3D6C060044F787 /* ViewControllerSwitchDemoTests.xctest */,
			);
			name = Products;
			sourceTree = "<group>";
		};
		44B534611A3D6C060044F787 /* ViewControllerSwitchDemo */ = {
			isa = PBXGroup;
			children = (
				44B539D31A3EACAE0044F787 /* tabbar */,
				44B539C91A3E9EF60044F787 /* navigation */,
				44B539BF1A3E74BF0044F787 /* modal */,
				44B534661A3D6C060044F787 /* AppDelegate.h */,
				44B534671A3D6C060044F787 /* AppDelegate.m */,
				44B5346C1A3D6C060044F787 /* Main.storyboard */,
				44B534711A3D6C060044F787 /* LaunchScreen.xib */,
				44B5346F1A3D6C060044F787 /* Images.xcassets */,
				44B534621A3D6C060044F787 /* Supporting Files */,
			);
			path = ViewControllerSwitchDemo;
			sourceTree = "<group>";
		};
		44B534621A3D6C060044F787 /* Supporting Files */ = {
			isa = PBXGroup;
			children = (
				44B534631A3D6C060044F787 /* Info.plist */,
				44B534641A3D6C060044F787 /* main.m */,
			);
			name = "Supporting Files";
			sourceTree = "<group>";
		};
		44B5347B1A3D6C060044F787 /* ViewControllerSwitchDemoTests */ = {
			isa = PBXGroup;
			children = (
				44B5347E1A3D6C060044F787 /* ViewControllerSwitchDemoTests.m */,
				44B5347C1A3D6C060044F787 /* Supporting Files */,
			);
			path = ViewControllerSwitchDemoTests;
			sourceTree = "<group>";
		};
		44B5347C1A3D6C060044F787 /* Supporting Files */ = {
			isa = PBXGroup;
			children = (
				44B5347D1A3D6C060044F787 /* Info.plist */,
			);
			name = "Supporting Files";
			sourceTree = "<group>";
		};
		44B539BF1A3E74BF0044F787 /* modal */ = {
			isa = PBXGroup;
			children = (
				44B534691A3D6C060044F787 /* ViewController.h */,
				44B5346A1A3D6C060044F787 /* ViewController.m */,
				44B539C01A3E75D80044F787 /* ModalViewController.h */,
				44B539C11A3E75D80044F787 /* ModalViewController.m */,
				44B539C31A3E7D450044F787 /* ModalTransitionAnimation.h */,
				44B539C41A3E7D450044F787 /* ModalTransitionAnimation.m */,
				44B539C61A3E872C0044F787 /* ModalInterActiveTransitionAnimation.h */,
				44B539C71A3E872C0044F787 /* ModalInterActiveTransitionAnimation.m */,
				4449E57F1A4004F30019BD92 /* ModalMoveTransitionAnimation.h */,
				4449E5801A4004F30019BD92 /* ModalMoveTransitionAnimation.m */,
			);
			name = modal;
			sourceTree = "<group>";
		};
		44B539C91A3E9EF60044F787 /* navigation */ = {
			isa = PBXGroup;
			children = (
				44B539CA1A3E9F990044F787 /* NavigationTransitionAnimation.h */,
				44B539CB1A3E9F990044F787 /* NavigationTransitionAnimation.m */,
				44B539CD1A3EA4140044F787 /* NavigationControllerDelegate.h */,
				44B539CE1A3EA4140044F787 /* NavigationControllerDelegate.m */,
			);
			name = navigation;
			sourceTree = "<group>";
		};
		44B539D31A3EACAE0044F787 /* tabbar */ = {
			isa = PBXGroup;
			children = (
				44B539D41A3EACE90044F787 /* TabbarTransitionAnimation.h */,
				44B539D51A3EACE90044F787 /* TabbarTransitionAnimation.m */,
				44B539D71A3EAD3D0044F787 /* TabbarControllerDelegate.h */,
				44B539D81A3EAD3D0044F787 /* TabbarControllerDelegate.m */,
			);
			name = tabbar;
			sourceTree = "<group>";
		};
/* End PBXGroup section */

/* Begin PBXNativeTarget section */
		44B5345E1A3D6C060044F787 /* ViewControllerSwitchDemo */ = {
			isa = PBXNativeTarget;
			buildConfigurationList = 44B534821A3D6C060044F787 /* Build configuration list for PBXNativeTarget "ViewControllerSwitchDemo" */;
			buildPhases = (
				44B5345B1A3D6C060044F787 /* Sources */,
				44B5345C1A3D6C060044F787 /* Frameworks */,
				44B5345D1A3D6C060044F787 /* Resources */,
			);
			buildRules = (
			);
			dependencies = (
			);
			name = ViewControllerSwitchDemo;
			productName = ViewControllerSwitchDemo;
			productReference = 44B5345F1A3D6C060044F787 /* ViewControllerSwitchDemo.app */;
			productType = "com.apple.product-type.application";
		};
		44B534771A3D6C060044F787 /* ViewControllerSwitchDemoTests */ = {
			isa = PBXNativeTarget;
			buildConfigurationList = 44B534851A3D6C060044F787 /* Build configuration list for PBXNativeTarget "ViewControllerSwitchDemoTests" */;
			buildPhases = (
				44B534741A3D6C060044F787 /* Sources */,
				44B534751A3D6C060044F787 /* Frameworks */,
				44B534761A3D6C060044F787 /* Resources */,
			);
			buildRules = (
			);
			dependencies = (
				44B5347A1A3D6C060044F787 /* PBXTargetDependency */,
			);
			name = ViewControllerSwitchDemoTests;
			productName = ViewControllerSwitchDemoTests;
			productReference = 44B534781A3D6C060044F787 /* ViewControllerSwitchDemoTests.xctest */;
			productType = "com.apple.product-type.bundle.unit-test";
		};
/* End PBXNativeTarget section */

/* Begin PBXProject section */
		44B534571A3D6C060044F787 /* Project object */ = {
			isa = PBXProject;
			attributes = {
				LastUpgradeCheck = 0610;
				ORGANIZATIONNAME = "臧 立涛";
				TargetAttributes = {
					44B5345E1A3D6C060044F787 = {
						CreatedOnToolsVersion = 6.1.1;
					};
					44B534771A3D6C060044F787 = {
						CreatedOnToolsVersion = 6.1.1;
						TestTargetID = 44B5345E1A3D6C060044F787;
					};
				};
			};
			buildConfigurationList = 44B5345A1A3D6C060044F787 /* Build configuration list for PBXProject "ViewControllerSwitchDemo" */;
			compatibilityVersion = "Xcode 3.2";
			developmentRegion = English;
			hasScannedForEncodings = 0;
			knownRegions = (
				en,
				Base,
			);
			mainGroup = 44B534561A3D6C060044F787;
			productRefGroup = 44B534601A3D6C060044F787 /* Products */;
			projectDirPath = "";
			projectRoot = "";
			targets = (
				44B5345E1A3D6C060044F787 /* ViewControllerSwitchDemo */,
				44B534771A3D6C060044F787 /* ViewControllerSwitchDemoTests */,
			);
		};
/* End PBXProject section */

/* Begin PBXResourcesBuildPhase section */
		44B5345D1A3D6C060044F787 /* Resources */ = {
			isa = PBXResourcesBuildPhase;
			buildActionMask = 2147483647;
			files = (
				44B5346E1A3D6C060044F787 /* Main.storyboard in Resources */,
				44B534731A3D6C060044F787 /* LaunchScreen.xib in Resources */,
				44B534701A3D6C060044F787 /* Images.xcassets in Resources */,
			);
			runOnlyForDeploymentPostprocessing = 0;
		};
		44B534761A3D6C060044F787 /* Resources */ = {
			isa = PBXResourcesBuildPhase;
			buildActionMask = 2147483647;
			files = (
			);
			runOnlyForDeploymentPostprocessing = 0;
		};
/* End PBXResourcesBuildPhase section */

/* Begin PBXSourcesBuildPhase section */
		44B5345B1A3D6C060044F787 /* Sources */ = {
			isa = PBXSourcesBuildPhase;
			buildActionMask = 2147483647;
			files = (
				44B539D91A3EAD3D0044F787 /* TabbarControllerDelegate.m in Sources */,
				44B539D61A3EACE90044F787 /* TabbarTransitionAnimation.m in Sources */,
				44B539CF1A3EA4140044F787 /* NavigationControllerDelegate.m in Sources */,
				44B539CC1A3E9F990044F787 /* NavigationTransitionAnimation.m in Sources */,
				4449E5811A4004F30019BD92 /* ModalMoveTransitionAnimation.m in Sources */,
				44B539C81A3E872C0044F787 /* ModalInterActiveTransitionAnimation.m in Sources */,
				44B539C21A3E75D80044F787 /* ModalViewController.m in Sources */,
				44B539C51A3E7D450044F787 /* ModalTransitionAnimation.m in Sources */,
				44B5346B1A3D6C060044F787 /* ViewController.m in Sources */,
				44B534681A3D6C060044F787 /* AppDelegate.m in Sources */,
				44B534651A3D6C060044F787 /* main.m in Sources */,
			);
			runOnlyForDeploymentPostprocessing = 0;
		};
		44B534741A3D6C060044F787 /* Sources */ = {
			isa = PBXSourcesBuildPhase;
			buildActionMask = 2147483647;
			files = (
				44B5347F1A3D6C060044F787 /* ViewControllerSwitchDemoTests.m in Sources */,
			);
			runOnlyForDeploymentPostprocessing = 0;
		};
/* End PBXSourcesBuildPhase section */

/* Begin PBXTargetDependency section */
		44B5347A1A3D6C060044F787 /* PBXTargetDependency */ = {
			isa = PBXTargetDependency;
			target = 44B5345E1A3D6C060044F787 /* ViewControllerSwitchDemo */;
			targetProxy = 44B534791A3D6C060044F787 /* PBXContainerItemProxy */;
		};
/* End PBXTargetDependency section */

/* Begin PBXVariantGroup section */
		44B5346C1A3D6C060044F787 /* Main.storyboard */ = {
			isa = PBXVariantGroup;
			children = (
				44B5346D1A3D6C060044F787 /* Base */,
			);
			name = Main.storyboard;
			sourceTree = "<group>";
		};
		44B534711A3D6C060044F787 /* LaunchScreen.xib */ = {
			isa = PBXVariantGroup;
			children = (
				44B534721A3D6C060044F787 /* Base */,
			);
			name = LaunchScreen.xib;
			sourceTree = "<group>";
		};
/* End PBXVariantGroup section */

/* Begin XCBuildConfiguration section */
		44B534801A3D6C060044F787 /* Debug */ = {
			isa = XCBuildConfiguration;
			buildSettings = {
				ALWAYS_SEARCH_USER_PATHS = NO;
				CLANG_CXX_LANGUAGE_STANDARD = "gnu++0x";
				CLANG_CXX_LIBRARY = "libc++";
				CLANG_ENABLE_MODULES = YES;
				CLANG_ENABLE_OBJC_ARC = YES;
				CLANG_WARN_BOOL_CONVERSION = YES;
				CLANG_WARN_CONSTANT_CONVERSION = YES;
				CLANG_WARN_DIRECT_OBJC_ISA_USAGE = YES_ERROR;
				CLANG_WARN_EMPTY_BODY = YES;
				CLANG_WARN_ENUM_CONVERSION = YES;
				CLANG_WARN_INT_CONVERSION = YES;
				CLANG_WARN_OBJC_ROOT_CLASS = YES_ERROR;
				CLANG_WARN_UNREACHABLE_CODE = YES;
				CLANG_WARN__DUPLICATE_METHOD_MATCH = YES;
				"CODE_SIGN_IDENTITY[sdk=iphoneos*]" = "iPhone Developer";
				COPY_PHASE_STRIP = NO;
				ENABLE_STRICT_OBJC_MSGSEND = YES;
				GCC_C_LANGUAGE_STANDARD = gnu99;
				GCC_DYNAMIC_NO_PIC = NO;
				GCC_OPTIMIZATION_LEVEL = 0;
				GCC_PREPROCESSOR_DEFINITIONS = (
					"DEBUG=1",
					"$(inherited)",
				);
				GCC_SYMBOLS_PRIVATE_EXTERN = NO;
				GCC_WARN_64_TO_32_BIT_CONVERSION = YES;
				GCC_WARN_ABOUT_RETURN_TYPE = YES_ERROR;
				GCC_WARN_UNDECLARED_SELECTOR = YES;
				GCC_WARN_UNINITIALIZED_AUTOS = YES_AGGRESSIVE;
				GCC_WARN_UNUSED_FUNCTION = YES;
				GCC_WARN_UNUSED_VARIABLE = YES;
				IPHONEOS_DEPLOYMENT_TARGET = 8.1;
				MTL_ENABLE_DEBUG_INFO = YES;
				ONLY_ACTIVE_ARCH = YES;
				SDKROOT = iphoneos;
			};
			name = Debug;
		};
		44B534811A3D6C060044F787 /* Release */ = {
			isa = XCBuildConfiguration;
			buildSettings = {
				ALWAYS_SEARCH_USER_PATHS = NO;
				CLANG_CXX_LANGUAGE_STANDARD = "gnu++0x";
				CLANG_CXX_LIBRARY = "libc++";
				CLANG_ENABLE_MODULES = YES;
				CLANG_ENABLE_OBJC_ARC = YES;
				CLANG_WARN_BOOL_CONVERSION = YES;
				CLANG_WARN_CONSTANT_CONVERSION = YES;
				CLANG_WARN_DIRECT_OBJC_ISA_USAGE = YES_ERROR;
				CLANG_WARN_EMPTY_BODY = YES;
				CLANG_WARN_ENUM_CONVERSION = YES;
				CLANG_WARN_INT_CONVERSION = YES;
				CLANG_WARN_OBJC_ROOT_CLASS = YES_ERROR;
				CLANG_WARN_UNREACHABLE_CODE = YES;
				CLANG_WARN__DUPLICATE_METHOD_MATCH = YES;
				"CODE_SIGN_IDENTITY[sdk=iphoneos*]" = "iPhone Developer";
				COPY_PHASE_STRIP = YES;
				ENABLE_NS_ASSERTIONS = NO;
				ENABLE_STRICT_OBJC_MSGSEND = YES;
				GCC_C_LANGUAGE_STANDARD = gnu99;
				GCC_WARN_64_TO_32_BIT_CONVERSION = YES;
				GCC_WARN_ABOUT_RETURN_TYPE = YES_ERROR;
				GCC_WARN_UNDECLARED_SELECTOR = YES;
				GCC_WARN_UNINITIALIZED_AUTOS = YES_AGGRESSIVE;
				GCC_WARN_UNUSED_FUNCTION = YES;
				GCC_WARN_UNUSED_VARIABLE = YES;
				IPHONEOS_DEPLOYMENT_TARGET = 8.1;
				MTL_ENABLE_DEBUG_INFO = NO;
				SDKROOT = iphoneos;
				VALIDATE_PRODUCT = YES;
			};
			name = Release;
		};
		44B534831A3D6C060044F787 /* Debug */ = {
			isa = XCBuildConfiguration;
			buildSettings = {
				ASSETCATALOG_COMPILER_APPICON_NAME = AppIcon;
				INFOPLIST_FILE = ViewControllerSwitchDemo/Info.plist;
				LD_RUNPATH_SEARCH_PATHS = "$(inherited) @executable_path/Frameworks";
				PRODUCT_NAME = "$(TARGET_NAME)";
			};
			name = Debug;
		};
		44B534841A3D6C060044F787 /* Release */ = {
			isa = XCBuildConfiguration;
			buildSettings = {
				ASSETCATALOG_COMPILER_APPICON_NAME = AppIcon;
				INFOPLIST_FILE = ViewControllerSwitchDemo/Info.plist;
				LD_RUNPATH_SEARCH_PATHS = "$(inherited) @executable_path/Frameworks";
				PRODUCT_NAME = "$(TARGET_NAME)";
			};
			name = Release;
		};
		44B534861A3D6C060044F787 /* Debug */ = {
			isa = XCBuildConfiguration;
			buildSettings = {
				BUNDLE_LOADER = "$(TEST_HOST)";
				FRAMEWORK_SEARCH_PATHS = (
					"$(SDKROOT)/Developer/Library/Frameworks",
					"$(inherited)",
				);
				GCC_PREPROCESSOR_DEFINITIONS = (
					"DEBUG=1",
					"$(inherited)",
				);
				INFOPLIST_FILE = ViewControllerSwitchDemoTests/Info.plist;
				LD_RUNPATH_SEARCH_PATHS = "$(inherited) @executable_path/Frameworks @loader_path/Frameworks";
				PRODUCT_NAME = "$(TARGET_NAME)";
				TEST_HOST = "$(BUILT_PRODUCTS_DIR)/ViewControllerSwitchDemo.app/ViewControllerSwitchDemo";
			};
			name = Debug;
		};
		44B534871A3D6C060044F787 /* Release */ = {
			isa = XCBuildConfiguration;
			buildSettings = {
				BUNDLE_LOADER = "$(TEST_HOST)";
				FRAMEWORK_SEARCH_PATHS = (
					"$(SDKROOT)/Developer/Library/Frameworks",
					"$(inherited)",
				);
				INFOPLIST_FILE = ViewControllerSwitchDemoTests/Info.plist;
				LD_RUNPATH_SEARCH_PATHS = "$(inherited) @executable_path/Frameworks @loader_path/Frameworks";
				PRODUCT_NAME = "$(TARGET_NAME)";
				TEST_HOST = "$(BUILT_PRODUCTS_DIR)/ViewControllerSwitchDemo.app/ViewControllerSwitchDemo";
			};
			name = Release;
		};
/* End XCBuildConfiguration section */

/* Begin XCConfigurationList section */
		44B5345A1A3D6C060044F787 /* Build configuration list for PBXProject "ViewControllerSwitchDemo" */ = {
			isa = XCConfigurationList;
			buildConfigurations = (
				44B534801A3D6C060044F787 /* Debug */,
				44B534811A3D6C060044F787 /* Release */,
			);
			defaultConfigurationIsVisible = 0;
			defaultConfigurationName = Release;
		};
		44B534821A3D6C060044F787 /* Build configuration list for PBXNativeTarget "ViewControllerSwitchDemo" */ = {
			isa = XCConfigurationList;
			buildConfigurations = (
				44B534831A3D6C060044F787 /* Debug */,
				44B534841A3D6C060044F787 /* Release */,
			);
			defaultConfigurationIsVisible = 0;
			defaultConfigurationName = Release;
		};
		44B534851A3D6C060044F787 /* Build configuration list for PBXNativeTarget "ViewControllerSwitchDemoTests" */ = {
			isa = XCConfigurationList;
			buildConfigurations = (
				44B534861A3D6C060044F787 /* Debug */,
				44B534871A3D6C060044F787 /* Release */,
			);
			defaultConfigurationIsVisible = 0;
			defaultConfigurationName = Release;
		};
/* End XCConfigurationList section */
	};
	rootObject = 44B534571A3D6C060044F787 /* Project object */;
}
